Microsoft Visual Studio Solution File, Format Version 12.00
# Visual Studio Version 17
VisualStudioVersion = 17.5.2.0
MinimumVisualStudioVersion = 10.0.40219.1
Project("{FAE04EC0-301F-11D3-BF4B-00C04F79EFBC}") = "ShoppingCart", "ShoppingCart.csproj", "{32805A4C-4142-D50B-6872-DCDE444F0DDF}"
EndProject
Global
	GlobalSection(SolutionConfigurationPlatforms) = preSolution
		Debug|Any CPU = Debug|Any CPU
		Release|Any CPU = Release|Any CPU
	EndGlobalSection
	GlobalSection(ProjectConfigurationPlatforms) = postSolution
		{32805A4C-4142-D50B-6872-DCDE444F0DDF}.Debug|Any CPU.ActiveCfg = Debug|Any CPU
		{32805A4C-4142-D50B-6872-DCDE444F0DDF}.Debug|Any CPU.Build.0 = Debug|Any CPU
		{32805A4C-4142-D50B-6872-DCDE444F0DDF}.Release|Any CPU.ActiveCfg = Release|Any CPU
		{32805A4C-4142-D50B-6872-DCDE444F0DDF}.Release|Any CPU.Build.0 = Release|Any CPU
	EndGlobalSection
	GlobalSection(SolutionProperties) = preSolution
		HideSolutionNode = FALSE
	EndGlobalSection
	GlobalSection(ExtensibilityGlobals) = postSolution
		SolutionGuid = {D95C42CD-E4BF-42AE-9747-DD2AE532B21B}
	EndGlobalSection
EndGlobal
